
Microsoft Visual Studio Solution File, Format Version 12.00
# Visual Studio 15
VisualStudioVersion = 15.0.28307.421
MinimumVisualStudioVersion = 10.0.40219.1
Project("{9A19103F-16F7-4668-BE54-9A1E7A4F7556}") = "Cloud.Web.Api", "Cloud.Web.Api\Cloud.Web.Api.csproj", "{1CD97B31-939D-42FA-B7AE-6E5E8E2537B4}"
EndProject
Project("{9A19103F-16F7-4668-BE54-9A1E7A4F7556}") = "Cloud.Core", "Cloud.Core\Cloud.Core.csproj", "{F8E8B837-EFAB-4572-B484-B781C24CEFDA}"
EndProject
Project("{9A19103F-16F7-4668-BE54-9A1E7A4F7556}") = "Cloud.Core.Tests", "Cloud.Core.Tests\Cloud.Core.Tests.csproj", "{2254534D-5CFC-498A-8BF3-D1D2EBCAAEDF}"
EndProject
Project("{9A19103F-16F7-4668-BE54-9A1E7A4F7556}") = "Cloud.Infrastructure", "Cloud.Infrastructure\Cloud.Infrastructure.csproj", "{A46AE2D5-D7CA-403D-89E2-77FCA6441B8B}"
EndProject
Project("{9A19103F-16F7-4668-BE54-9A1E7A4F7556}") = "Cloud.CommandStack", "Cloud.CommandStack\Cloud.CommandStack.csproj", "{663CB437-9C99-4AE3-862F-469E057D94A3}"
EndProject
Project("{9A19103F-16F7-4668-BE54-9A1E7A4F7556}") = "Cloud.Messaging", "Cloud.Messaging\Cloud.Messaging.csproj", "{F4482553-80BC-4360-9E0E-8841EE43D0FA}"
EndProject
Project("{9A19103F-16F7-4668-BE54-9A1E7A4F7556}") = "Cloud.WebJobs", "Cloud.WebJobs\Cloud.WebJobs.csproj", "{92B521E1-580E-499B-A3E7-26EB47AB953C}"
EndProject
Project("{9A19103F-16F7-4668-BE54-9A1E7A4F7556}") = "Cloud.Caching", "Cloud.Caching\Cloud.Caching.csproj", "{57183DFE-FBD2-42A3-A8A9-C7263AA83D9B}"
EndProject
Project("{9A19103F-16F7-4668-BE54-9A1E7A4F7556}") = "Cloud.Infrastructure.Tests", "Cloud.Infrastructure.Tests\Cloud.Infrastructure.Tests.csproj", "{692E3FEF-36DE-4FB2-A392-F36209598C0B}"
EndProject
Project("{FAE04EC0-301F-11D3-BF4B-00C04F79EFBC}") = "Cloud.Functions", "Cloud.Functions\Cloud.Functions.csproj", "{40958F64-59F0-44BA-81BB-BE16FB9173A6}"
EndProject
Global
	GlobalSection(SolutionConfigurationPlatforms) = preSolution
		Debug|Any CPU = Debug|Any CPU
		Release|Any CPU = Release|Any CPU
	EndGlobalSection
	GlobalSection(ProjectConfigurationPlatforms) = postSolution
		{1CD97B31-939D-42FA-B7AE-6E5E8E2537B4}.Debug|Any CPU.ActiveCfg = Debug|Any CPU
		{1CD97B31-939D-42FA-B7AE-6E5E8E2537B4}.Debug|Any CPU.Build.0 = Debug|Any CPU
		{1CD97B31-939D-42FA-B7AE-6E5E8E2537B4}.Release|Any CPU.ActiveCfg = Release|Any CPU
		{1CD97B31-939D-42FA-B7AE-6E5E8E2537B4}.Release|Any CPU.Build.0 = Release|Any CPU
		{F8E8B837-EFAB-4572-B484-B781C24CEFDA}.Debug|Any CPU.ActiveCfg = Debug|Any CPU
		{F8E8B837-EFAB-4572-B484-B781C24CEFDA}.Debug|Any CPU.Build.0 = Debug|Any CPU
		{F8E8B837-EFAB-4572-B484-B781C24CEFDA}.Release|Any CPU.ActiveCfg = Release|Any CPU
		{F8E8B837-EFAB-4572-B484-B781C24CEFDA}.Release|Any CPU.Build.0 = Release|Any CPU
		{2254534D-5CFC-498A-8BF3-D1D2EBCAAEDF}.Debug|Any CPU.ActiveCfg = Debug|Any CPU
		{2254534D-5CFC-498A-8BF3-D1D2EBCAAEDF}.Debug|Any CPU.Build.0 = Debug|Any CPU
		{2254534D-5CFC-498A-8BF3-D1D2EBCAAEDF}.Release|Any CPU.ActiveCfg = Release|Any CPU
		{2254534D-5CFC-498A-8BF3-D1D2EBCAAEDF}.Release|Any CPU.Build.0 = Release|Any CPU
		{A46AE2D5-D7CA-403D-89E2-77FCA6441B8B}.Debug|Any CPU.ActiveCfg = Debug|Any CPU
		{A46AE2D5-D7CA-403D-89E2-77FCA6441B8B}.Debug|Any CPU.Build.0 = Debug|Any CPU
		{A46AE2D5-D7CA-403D-89E2-77FCA6441B8B}.Release|Any CPU.ActiveCfg = Release|Any CPU
		{A46AE2D5-D7CA-403D-89E2-77FCA6441B8B}.Release|Any CPU.Build.0 = Release|Any CPU
		{663CB437-9C99-4AE3-862F-469E057D94A3}.Debug|Any CPU.ActiveCfg = Debug|Any CPU
		{663CB437-9C99-4AE3-862F-469E057D94A3}.Debug|Any CPU.Build.0 = Debug|Any CPU
		{663CB437-9C99-4AE3-862F-469E057D94A3}.Release|Any CPU.ActiveCfg = Release|Any CPU
		{663CB437-9C99-4AE3-862F-469E057D94A3}.Release|Any CPU.Build.0 = Release|Any CPU
		{F4482553-80BC-4360-9E0E-8841EE43D0FA}.Debug|Any CPU.ActiveCfg = Debug|Any CPU
		{F4482553-80BC-4360-9E0E-8841EE43D0FA}.Debug|Any CPU.Build.0 = Debug|Any CPU
		{F4482553-80BC-4360-9E0E-8841EE43D0FA}.Release|Any CPU.ActiveCfg = Release|Any CPU
		{F4482553-80BC-4360-9E0E-8841EE43D0FA}.Release|Any CPU.Build.0 = Release|Any CPU
		{92B521E1-580E-499B-A3E7-26EB47AB953C}.Debug|Any CPU.ActiveCfg = Debug|Any CPU
		{92B521E1-580E-499B-A3E7-26EB47AB953C}.Debug|Any CPU.Build.0 = Debug|Any CPU
		{92B521E1-580E-499B-A3E7-26EB47AB953C}.Release|Any CPU.ActiveCfg = Release|Any CPU
		{92B521E1-580E-499B-A3E7-26EB47AB953C}.Release|Any CPU.Build.0 = Release|Any CPU
		{57183DFE-FBD2-42A3-A8A9-C7263AA83D9B}.Debug|Any CPU.ActiveCfg = Debug|Any CPU
		{57183DFE-FBD2-42A3-A8A9-C7263AA83D9B}.Debug|Any CPU.Build.0 = Debug|Any CPU
		{57183DFE-FBD2-42A3-A8A9-C7263AA83D9B}.Release|Any CPU.ActiveCfg = Release|Any CPU
		{57183DFE-FBD2-42A3-A8A9-C7263AA83D9B}.Release|Any CPU.Build.0 = Release|Any CPU
		{692E3FEF-36DE-4FB2-A392-F36209598C0B}.Debug|Any CPU.ActiveCfg = Debug|Any CPU
		{692E3FEF-36DE-4FB2-A392-F36209598C0B}.Debug|Any CPU.Build.0 = Debug|Any CPU
		{692E3FEF-36DE-4FB2-A392-F36209598C0B}.Release|Any CPU.ActiveCfg = Release|Any CPU
		{692E3FEF-36DE-4FB2-A392-F36209598C0B}.Release|Any CPU.Build.0 = Release|Any CPU
		{40958F64-59F0-44BA-81BB-BE16FB9173A6}.Debug|Any CPU.ActiveCfg = Debug|Any CPU
		{40958F64-59F0-44BA-81BB-BE16FB9173A6}.Debug|Any CPU.Build.0 = Debug|Any CPU
		{40958F64-59F0-44BA-81BB-BE16FB9173A6}.Release|Any CPU.ActiveCfg = Release|Any CPU
		{40958F64-59F0-44BA-81BB-BE16FB9173A6}.Release|Any CPU.Build.0 = Release|Any CPU
	EndGlobalSection
	GlobalSection(SolutionProperties) = preSolution
		HideSolutionNode = FALSE
	EndGlobalSection
	GlobalSection(ExtensibilityGlobals) = postSolution
		SolutionGuid = {AA69D126-3534-4165-B949-D9B2B69CC28B}
	EndGlobalSection
EndGlobal
